
Microsoft Visual Studio Solution File, Format Version 12.00
# Visual Studio Version 17
VisualStudioVersion = 17.3.32811.315
MinimumVisualStudioVersion = 10.0.40219.1
Project("{FAE04EC0-301F-11D3-BF4B-00C04F79EFBC}") = "Domain", "src\Domain\Domain.csproj", "{9A779D85-2D4D-48EA-A846-41215E633D7C}"
	ProjectSection(ProjectDependencies) = postProject
		{A74BA717-9460-47A1-BA06-84FBB375B397} = {A74BA717-9460-47A1-BA06-84FBB375B397}
	EndProjectSection
EndProject
Project("{2150E333-8FDC-42A3-9474-1A3956D46DE8}") = "src", "src", "{FA339FF7-C5DF-448E-8020-8065CB7ED155}"
EndProject
Project("{FAE04EC0-301F-11D3-BF4B-00C04F79EFBC}") = "Application", "src\Application\Application.csproj", "{40BEE531-5947-4287-8DB4-D1B2B5F06F29}"
	ProjectSection(ProjectDependencies) = postProject
		{9A779D85-2D4D-48EA-A846-41215E633D7C} = {9A779D85-2D4D-48EA-A846-41215E633D7C}
		{A74BA717-9460-47A1-BA06-84FBB375B397} = {A74BA717-9460-47A1-BA06-84FBB375B397}
	EndProjectSection
EndProject
Project("{FAE04EC0-301F-11D3-BF4B-00C04F79EFBC}") = "Infrastructure", "src\Infrastructure\Infrastructure.csproj", "{64B4CB44-7BC2-4143-8582-ABFC39AE0CF6}"
	ProjectSection(ProjectDependencies) = postProject
		{40BEE531-5947-4287-8DB4-D1B2B5F06F29} = {40BEE531-5947-4287-8DB4-D1B2B5F06F29}
		{A74BA717-9460-47A1-BA06-84FBB375B397} = {A74BA717-9460-47A1-BA06-84FBB375B397}
	EndProjectSection
EndProject
Project("{FAE04EC0-301F-11D3-BF4B-00C04F79EFBC}") = "Persistence", "src\Persistence\Persistence.csproj", "{83CDAA42-4602-4880-BC8E-4CBB1C97E20C}"
	ProjectSection(ProjectDependencies) = postProject
		{64B4CB44-7BC2-4143-8582-ABFC39AE0CF6} = {64B4CB44-7BC2-4143-8582-ABFC39AE0CF6}
		{A74BA717-9460-47A1-BA06-84FBB375B397} = {A74BA717-9460-47A1-BA06-84FBB375B397}
	EndProjectSection
EndProject
Project("{FAE04EC0-301F-11D3-BF4B-00C04F79EFBC}") = "Utilities", "src\Utilities\Utilities.csproj", "{A74BA717-9460-47A1-BA06-84FBB375B397}"
EndProject
Project("{FAE04EC0-301F-11D3-BF4B-00C04F79EFBC}") = "App", "src\App\App.csproj", "{D5D9E03A-359B-4480-B7DE-06BD0CD3110B}"
	ProjectSection(ProjectDependencies) = postProject
		{83CDAA42-4602-4880-BC8E-4CBB1C97E20C} = {83CDAA42-4602-4880-BC8E-4CBB1C97E20C}
		{A74BA717-9460-47A1-BA06-84FBB375B397} = {A74BA717-9460-47A1-BA06-84FBB375B397}
		{CFD53FA1-1DE8-4A7A-B286-C8ECECF951FA} = {CFD53FA1-1DE8-4A7A-B286-C8ECECF951FA}
	EndProjectSection
EndProject
Project("{FAE04EC0-301F-11D3-BF4B-00C04F79EFBC}") = "Presentation", "src\Presentation\Presentation.csproj", "{CFD53FA1-1DE8-4A7A-B286-C8ECECF951FA}"
	ProjectSection(ProjectDependencies) = postProject
		{40BEE531-5947-4287-8DB4-D1B2B5F06F29} = {40BEE531-5947-4287-8DB4-D1B2B5F06F29}
		{A74BA717-9460-47A1-BA06-84FBB375B397} = {A74BA717-9460-47A1-BA06-84FBB375B397}
	EndProjectSection
EndProject
Project("{2150E333-8FDC-42A3-9474-1A3956D46DE8}") = "test", "test", "{02EA681E-C7D8-13C7-8484-4AC65E1B71E8}"
EndProject
Project("{FAE04EC0-301F-11D3-BF4B-00C04F79EFBC}") = "Integration.Tests", "test\Integration.Tests\Integration.Tests.csproj", "{8AC2052C-51E7-458E-91C6-41B3E69218F0}"
EndProject
Project("{FAE04EC0-301F-11D3-BF4B-00C04F79EFBC}") = "Unit.Domain.Tests", "test\Unit.Domain.Tests\Unit.Domain.Tests.csproj", "{E7C8AFB1-5C80-418B-86D5-173F8147092E}"
EndProject
Project("{FAE04EC0-301F-11D3-BF4B-00C04F79EFBC}") = "Unit.Application.Tests", "test\Unit.Application.Tests\Unit.Application.Tests.csproj", "{13D2C76A-0971-4656-ACBC-A80B49CB2E08}"
EndProject
Project("{FAE04EC0-301F-11D3-BF4B-00C04F79EFBC}") = "Unit.Persistance.Tests", "test\Unit.Persistance.Tests\Unit.Persistance.Tests.csproj", "{36452F66-49BE-4491-A2E6-19127A5C44C6}"
EndProject
Project("{FAE04EC0-301F-11D3-BF4B-00C04F79EFBC}") = "Unit.Infrastructure.Tests", "test\Unit.Infrastructure.Tests\Unit.Infrastructure.Tests.csproj", "{413D27B1-18D2-484B-9BB1-9B515AA246E9}"
EndProject
Project("{FAE04EC0-301F-11D3-BF4B-00C04F79EFBC}") = "Unit.Presentation.Tests", "test\Unit.Presentation.Tests\Unit.Presentation.Tests.csproj", "{8462EBD2-385B-457B-BB86-87639EFF9B3C}"
EndProject
Project("{FAE04EC0-301F-11D3-BF4B-00C04F79EFBC}") = "Unit.Utilities.Tests", "test\Unit.Utilities.Tests\Unit.Utilities.Tests.csproj", "{87D26F5B-66C5-422F-A2F4-0E9E5219902A}"
EndProject
Project("{2150E333-8FDC-42A3-9474-1A3956D46DE8}") = "docs", "docs", "{8C5969E2-1B15-4061-9C52-D337A6584AE9}"
	ProjectSection(SolutionItems) = preProject
		MIGRATION_GUIDE.md = MIGRATION_GUIDE.md
		Paramiters.txt = Paramiters.txt
		PosgresPasswordSuperUser.txt = PosgresPasswordSuperUser.txt
		PostgresSQLConfigurationManual.md = PostgresSQLConfigurationManual.md
		README.md = README.md
		ReadMe.Program.md = ReadMe.Program.md
		ReadMe.Prompts.md = ReadMe.Prompts.md
		ToDo.Txt = ToDo.Txt
	EndProjectSection
EndProject
Project("{2150E333-8FDC-42A3-9474-1A3956D46DE8}") = "config", "config", "{B7D9D0B0-6387-42F4-AE4D-BA93565D26F0}"
	ProjectSection(SolutionItems) = preProject
		.editorconfig = .editorconfig
		.gitattributes = .gitattributes
		.gitignore = .gitignore
		Directory.Build.props = Directory.Build.props
		Directory.Packages.props = Directory.Packages.props
	EndProjectSection
EndProject
Global
	GlobalSection(SolutionConfigurationPlatforms) = preSolution
		Debug|Any CPU = Debug|Any CPU
		Release|Any CPU = Release|Any CPU
	EndGlobalSection
	GlobalSection(ProjectConfigurationPlatforms) = postSolution
		{9A779D85-2D4D-48EA-A846-41215E633D7C}.Debug|Any CPU.ActiveCfg = Debug|Any CPU
		{9A779D85-2D4D-48EA-A846-41215E633D7C}.Debug|Any CPU.Build.0 = Debug|Any CPU
		{9A779D85-2D4D-48EA-A846-41215E633D7C}.Release|Any CPU.ActiveCfg = Release|Any CPU
		{9A779D85-2D4D-48EA-A846-41215E633D7C}.Release|Any CPU.Build.0 = Release|Any CPU
		{40BEE531-5947-4287-8DB4-D1B2B5F06F29}.Debug|Any CPU.ActiveCfg = Debug|Any CPU
		{40BEE531-5947-4287-8DB4-D1B2B5F06F29}.Debug|Any CPU.Build.0 = Debug|Any CPU
		{40BEE531-5947-4287-8DB4-D1B2B5F06F29}.Release|Any CPU.ActiveCfg = Release|Any CPU
		{40BEE531-5947-4287-8DB4-D1B2B5F06F29}.Release|Any CPU.Build.0 = Release|Any CPU
		{64B4CB44-7BC2-4143-8582-ABFC39AE0CF6}.Debug|Any CPU.ActiveCfg = Debug|Any CPU
		{64B4CB44-7BC2-4143-8582-ABFC39AE0CF6}.Debug|Any CPU.Build.0 = Debug|Any CPU
		{64B4CB44-7BC2-4143-8582-ABFC39AE0CF6}.Release|Any CPU.ActiveCfg = Release|Any CPU
		{64B4CB44-7BC2-4143-8582-ABFC39AE0CF6}.Release|Any CPU.Build.0 = Release|Any CPU
		{83CDAA42-4602-4880-BC8E-4CBB1C97E20C}.Debug|Any CPU.ActiveCfg = Debug|Any CPU
		{83CDAA42-4602-4880-BC8E-4CBB1C97E20C}.Debug|Any CPU.Build.0 = Debug|Any CPU
		{83CDAA42-4602-4880-BC8E-4CBB1C97E20C}.Release|Any CPU.ActiveCfg = Release|Any CPU
		{83CDAA42-4602-4880-BC8E-4CBB1C97E20C}.Release|Any CPU.Build.0 = Release|Any CPU
		{A74BA717-9460-47A1-BA06-84FBB375B397}.Debug|Any CPU.ActiveCfg = Debug|Any CPU
		{A74BA717-9460-47A1-BA06-84FBB375B397}.Debug|Any CPU.Build.0 = Debug|Any CPU
		{A74BA717-9460-47A1-BA06-84FBB375B397}.Release|Any CPU.ActiveCfg = Release|Any CPU
		{A74BA717-9460-47A1-BA06-84FBB375B397}.Release|Any CPU.Build.0 = Release|Any CPU
		{D5D9E03A-359B-4480-B7DE-06BD0CD3110B}.Debug|Any CPU.ActiveCfg = Debug|Any CPU
		{D5D9E03A-359B-4480-B7DE-06BD0CD3110B}.Debug|Any CPU.Build.0 = Debug|Any CPU
		{D5D9E03A-359B-4480-B7DE-06BD0CD3110B}.Release|Any CPU.ActiveCfg = Release|Any CPU
		{D5D9E03A-359B-4480-B7DE-06BD0CD3110B}.Release|Any CPU.Build.0 = Release|Any CPU
		{CFD53FA1-1DE8-4A7A-B286-C8ECECF951FA}.Debug|Any CPU.ActiveCfg = Debug|Any CPU
		{CFD53FA1-1DE8-4A7A-B286-C8ECECF951FA}.Debug|Any CPU.Build.0 = Debug|Any CPU
		{CFD53FA1-1DE8-4A7A-B286-C8ECECF951FA}.Release|Any CPU.ActiveCfg = Release|Any CPU
		{CFD53FA1-1DE8-4A7A-B286-C8ECECF951FA}.Release|Any CPU.Build.0 = Release|Any CPU
		{8AC2052C-51E7-458E-91C6-41B3E69218F0}.Debug|Any CPU.ActiveCfg = Debug|Any CPU
		{8AC2052C-51E7-458E-91C6-41B3E69218F0}.Debug|Any CPU.Build.0 = Debug|Any CPU
		{8AC2052C-51E7-458E-91C6-41B3E69218F0}.Release|Any CPU.ActiveCfg = Release|Any CPU
		{8AC2052C-51E7-458E-91C6-41B3E69218F0}.Release|Any CPU.Build.0 = Release|Any CPU
		{E7C8AFB1-5C80-418B-86D5-173F8147092E}.Debug|Any CPU.ActiveCfg = Debug|Any CPU
		{E7C8AFB1-5C80-418B-86D5-173F8147092E}.Debug|Any CPU.Build.0 = Debug|Any CPU
		{E7C8AFB1-5C80-418B-86D5-173F8147092E}.Release|Any CPU.ActiveCfg = Release|Any CPU
		{E7C8AFB1-5C80-418B-86D5-173F8147092E}.Release|Any CPU.Build.0 = Release|Any CPU
		{13D2C76A-0971-4656-ACBC-A80B49CB2E08}.Debug|Any CPU.ActiveCfg = Debug|Any CPU
		{13D2C76A-0971-4656-ACBC-A80B49CB2E08}.Debug|Any CPU.Build.0 = Debug|Any CPU
		{13D2C76A-0971-4656-ACBC-A80B49CB2E08}.Release|Any CPU.ActiveCfg = Release|Any CPU
		{13D2C76A-0971-4656-ACBC-A80B49CB2E08}.Release|Any CPU.Build.0 = Release|Any CPU
		{36452F66-49BE-4491-A2E6-19127A5C44C6}.Debug|Any CPU.ActiveCfg = Debug|Any CPU
		{36452F66-49BE-4491-A2E6-19127A5C44C6}.Debug|Any CPU.Build.0 = Debug|Any CPU
		{36452F66-49BE-4491-A2E6-19127A5C44C6}.Release|Any CPU.ActiveCfg = Release|Any CPU
		{36452F66-49BE-4491-A2E6-19127A5C44C6}.Release|Any CPU.Build.0 = Release|Any CPU
		{413D27B1-18D2-484B-9BB1-9B515AA246E9}.Debug|Any CPU.ActiveCfg = Debug|Any CPU
		{413D27B1-18D2-484B-9BB1-9B515AA246E9}.Debug|Any CPU.Build.0 = Debug|Any CPU
		{413D27B1-18D2-484B-9BB1-9B515AA246E9}.Release|Any CPU.ActiveCfg = Release|Any CPU
		{413D27B1-18D2-484B-9BB1-9B515AA246E9}.Release|Any CPU.Build.0 = Release|Any CPU
		{8462EBD2-385B-457B-BB86-87639EFF9B3C}.Debug|Any CPU.ActiveCfg = Debug|Any CPU
		{8462EBD2-385B-457B-BB86-87639EFF9B3C}.Debug|Any CPU.Build.0 = Debug|Any CPU
		{8462EBD2-385B-457B-BB86-87639EFF9B3C}.Release|Any CPU.ActiveCfg = Release|Any CPU
		{8462EBD2-385B-457B-BB86-87639EFF9B3C}.Release|Any CPU.Build.0 = Release|Any CPU
		{87D26F5B-66C5-422F-A2F4-0E9E5219902A}.Debug|Any CPU.ActiveCfg = Debug|Any CPU
		{87D26F5B-66C5-422F-A2F4-0E9E5219902A}.Debug|Any CPU.Build.0 = Debug|Any CPU
		{87D26F5B-66C5-422F-A2F4-0E9E5219902A}.Release|Any CPU.ActiveCfg = Release|Any CPU
		{87D26F5B-66C5-422F-A2F4-0E9E5219902A}.Release|Any CPU.Build.0 = Release|Any CPU
	EndGlobalSection
	GlobalSection(SolutionProperties) = preSolution
		HideSolutionNode = FALSE
	EndGlobalSection
	GlobalSection(NestedProjects) = preSolution
		{9A779D85-2D4D-48EA-A846-41215E633D7C} = {FA339FF7-C5DF-448E-8020-8065CB7ED155}
		{40BEE531-5947-4287-8DB4-D1B2B5F06F29} = {FA339FF7-C5DF-448E-8020-8065CB7ED155}
		{64B4CB44-7BC2-4143-8582-ABFC39AE0CF6} = {FA339FF7-C5DF-448E-8020-8065CB7ED155}
		{83CDAA42-4602-4880-BC8E-4CBB1C97E20C} = {FA339FF7-C5DF-448E-8020-8065CB7ED155}
		{A74BA717-9460-47A1-BA06-84FBB375B397} = {FA339FF7-C5DF-448E-8020-8065CB7ED155}
		{D5D9E03A-359B-4480-B7DE-06BD0CD3110B} = {FA339FF7-C5DF-448E-8020-8065CB7ED155}
		{CFD53FA1-1DE8-4A7A-B286-C8ECECF951FA} = {FA339FF7-C5DF-448E-8020-8065CB7ED155}
		{8AC2052C-51E7-458E-91C6-41B3E69218F0} = {02EA681E-C7D8-13C7-8484-4AC65E1B71E8}
		{E7C8AFB1-5C80-418B-86D5-173F8147092E} = {02EA681E-C7D8-13C7-8484-4AC65E1B71E8}
		{13D2C76A-0971-4656-ACBC-A80B49CB2E08} = {02EA681E-C7D8-13C7-8484-4AC65E1B71E8}
		{36452F66-49BE-4491-A2E6-19127A5C44C6} = {02EA681E-C7D8-13C7-8484-4AC65E1B71E8}
		{413D27B1-18D2-484B-9BB1-9B515AA246E9} = {02EA681E-C7D8-13C7-8484-4AC65E1B71E8}
		{8462EBD2-385B-457B-BB86-87639EFF9B3C} = {02EA681E-C7D8-13C7-8484-4AC65E1B71E8}
		{87D26F5B-66C5-422F-A2F4-0E9E5219902A} = {02EA681E-C7D8-13C7-8484-4AC65E1B71E8}
	EndGlobalSection
	GlobalSection(ExtensibilityGlobals) = postSolution
		SolutionGuid = {135FE4B0-9973-4B33-AFCB-BA5DD045EF3C}
	EndGlobalSection
EndGlobal
