
Microsoft Visual Studio Solution File, Format Version 12.00
# Visual Studio Version 17
VisualStudioVersion = 17.3.32811.315
MinimumVisualStudioVersion = 10.0.40219.1
Project("{FAE04EC0-301F-11D3-BF4B-00C04F79EFBC}") = "Domain", "src\Domain\Domain.csproj", "{9A779D85-2D4D-48EA-A846-41215E633D7C}"
	ProjectSection(ProjectDependencies) = postProject
		{A74BA717-9460-47A1-BA06-84FBB375B397} = {A74BA717-9460-47A1-BA06-84FBB375B397}
	EndProjectSection
EndProject
Project("{2150E333-8FDC-42A3-9474-1A3956D46DE8}") = "src", "src", "{FA339FF7-C5DF-448E-8020-8065CB7ED155}"
EndProject
Project("{FAE04EC0-301F-11D3-BF4B-00C04F79EFBC}") = "Application", "src\Application\Application.csproj", "{40BEE531-5947-4287-8DB4-D1B2B5F06F29}"
	ProjectSection(ProjectDependencies) = postProject
		{9A779D85-2D4D-48EA-A846-41215E633D7C} = {9A779D85-2D4D-48EA-A846-41215E633D7C}
	EndProjectSection
EndProject
Project("{FAE04EC0-301F-11D3-BF4B-00C04F79EFBC}") = "Infrastructure", "src\Infrastructure\Infrastructure.csproj", "{64B4CB44-7BC2-4143-8582-ABFC39AE0CF6}"
	ProjectSection(ProjectDependencies) = postProject
		{40BEE531-5947-4287-8DB4-D1B2B5F06F29} = {40BEE531-5947-4287-8DB4-D1B2B5F06F29}
	EndProjectSection
EndProject
Project("{FAE04EC0-301F-11D3-BF4B-00C04F79EFBC}") = "Presentation", "src\Presentation\Presentation.csproj", "{2349F4C7-EC9C-4932-97BF-719D8A0BBC72}"
	ProjectSection(ProjectDependencies) = postProject
		{40BEE531-5947-4287-8DB4-D1B2B5F06F29} = {40BEE531-5947-4287-8DB4-D1B2B5F06F29}
	EndProjectSection
EndProject
Project("{2150E333-8FDC-42A3-9474-1A3956D46DE8}") = "Solution Items", "Solution Items", "{8EC462FD-D22E-90A8-E5CE-7E832BA40C5D}"
	ProjectSection(SolutionItems) = preProject
		migration_manual.txt = migration_manual.txt
		PosgresPasswordSuperUser.txt = PosgresPasswordSuperUser.txt
	EndProjectSection
EndProject
Project("{FAE04EC0-301F-11D3-BF4B-00C04F79EFBC}") = "Persistans", "src\Persistans\Persistans.csproj", "{83CDAA42-4602-4880-BC8E-4CBB1C97E20C}"
	ProjectSection(ProjectDependencies) = postProject
		{64B4CB44-7BC2-4143-8582-ABFC39AE0CF6} = {64B4CB44-7BC2-4143-8582-ABFC39AE0CF6}
	EndProjectSection
EndProject
Project("{FAE04EC0-301F-11D3-BF4B-00C04F79EFBC}") = "Runer", "src\Runer\Runer.csproj", "{349FD74D-95B0-45D9-B3FF-87AD38A6CBF0}"
	ProjectSection(ProjectDependencies) = postProject
		{2349F4C7-EC9C-4932-97BF-719D8A0BBC72} = {2349F4C7-EC9C-4932-97BF-719D8A0BBC72}
		{83CDAA42-4602-4880-BC8E-4CBB1C97E20C} = {83CDAA42-4602-4880-BC8E-4CBB1C97E20C}
	EndProjectSection
EndProject
Project("{FAE04EC0-301F-11D3-BF4B-00C04F79EFBC}") = "Utilities", "src\Utilities\Utilities.csproj", "{A74BA717-9460-47A1-BA06-84FBB375B397}"
EndProject
Global
	GlobalSection(SolutionConfigurationPlatforms) = preSolution
		Debug|Any CPU = Debug|Any CPU
		Release|Any CPU = Release|Any CPU
	EndGlobalSection
	GlobalSection(ProjectConfigurationPlatforms) = postSolution
		{9A779D85-2D4D-48EA-A846-41215E633D7C}.Debug|Any CPU.ActiveCfg = Debug|Any CPU
		{9A779D85-2D4D-48EA-A846-41215E633D7C}.Debug|Any CPU.Build.0 = Debug|Any CPU
		{9A779D85-2D4D-48EA-A846-41215E633D7C}.Release|Any CPU.ActiveCfg = Release|Any CPU
		{9A779D85-2D4D-48EA-A846-41215E633D7C}.Release|Any CPU.Build.0 = Release|Any CPU
		{40BEE531-5947-4287-8DB4-D1B2B5F06F29}.Debug|Any CPU.ActiveCfg = Debug|Any CPU
		{40BEE531-5947-4287-8DB4-D1B2B5F06F29}.Debug|Any CPU.Build.0 = Debug|Any CPU
		{40BEE531-5947-4287-8DB4-D1B2B5F06F29}.Release|Any CPU.ActiveCfg = Release|Any CPU
		{40BEE531-5947-4287-8DB4-D1B2B5F06F29}.Release|Any CPU.Build.0 = Release|Any CPU
		{64B4CB44-7BC2-4143-8582-ABFC39AE0CF6}.Debug|Any CPU.ActiveCfg = Debug|Any CPU
		{64B4CB44-7BC2-4143-8582-ABFC39AE0CF6}.Debug|Any CPU.Build.0 = Debug|Any CPU
		{64B4CB44-7BC2-4143-8582-ABFC39AE0CF6}.Release|Any CPU.ActiveCfg = Release|Any CPU
		{64B4CB44-7BC2-4143-8582-ABFC39AE0CF6}.Release|Any CPU.Build.0 = Release|Any CPU
		{2349F4C7-EC9C-4932-97BF-719D8A0BBC72}.Debug|Any CPU.ActiveCfg = Debug|Any CPU
		{2349F4C7-EC9C-4932-97BF-719D8A0BBC72}.Debug|Any CPU.Build.0 = Debug|Any CPU
		{2349F4C7-EC9C-4932-97BF-719D8A0BBC72}.Release|Any CPU.ActiveCfg = Release|Any CPU
		{2349F4C7-EC9C-4932-97BF-719D8A0BBC72}.Release|Any CPU.Build.0 = Release|Any CPU
		{83CDAA42-4602-4880-BC8E-4CBB1C97E20C}.Debug|Any CPU.ActiveCfg = Debug|Any CPU
		{83CDAA42-4602-4880-BC8E-4CBB1C97E20C}.Debug|Any CPU.Build.0 = Debug|Any CPU
		{83CDAA42-4602-4880-BC8E-4CBB1C97E20C}.Release|Any CPU.ActiveCfg = Release|Any CPU
		{83CDAA42-4602-4880-BC8E-4CBB1C97E20C}.Release|Any CPU.Build.0 = Release|Any CPU
		{349FD74D-95B0-45D9-B3FF-87AD38A6CBF0}.Debug|Any CPU.ActiveCfg = Debug|Any CPU
		{349FD74D-95B0-45D9-B3FF-87AD38A6CBF0}.Debug|Any CPU.Build.0 = Debug|Any CPU
		{349FD74D-95B0-45D9-B3FF-87AD38A6CBF0}.Release|Any CPU.ActiveCfg = Release|Any CPU
		{349FD74D-95B0-45D9-B3FF-87AD38A6CBF0}.Release|Any CPU.Build.0 = Release|Any CPU
		{A74BA717-9460-47A1-BA06-84FBB375B397}.Debug|Any CPU.ActiveCfg = Debug|Any CPU
		{A74BA717-9460-47A1-BA06-84FBB375B397}.Debug|Any CPU.Build.0 = Debug|Any CPU
		{A74BA717-9460-47A1-BA06-84FBB375B397}.Release|Any CPU.ActiveCfg = Release|Any CPU
		{A74BA717-9460-47A1-BA06-84FBB375B397}.Release|Any CPU.Build.0 = Release|Any CPU
	EndGlobalSection
	GlobalSection(SolutionProperties) = preSolution
		HideSolutionNode = FALSE
	EndGlobalSection
	GlobalSection(NestedProjects) = preSolution
		{9A779D85-2D4D-48EA-A846-41215E633D7C} = {FA339FF7-C5DF-448E-8020-8065CB7ED155}
		{40BEE531-5947-4287-8DB4-D1B2B5F06F29} = {FA339FF7-C5DF-448E-8020-8065CB7ED155}
		{64B4CB44-7BC2-4143-8582-ABFC39AE0CF6} = {FA339FF7-C5DF-448E-8020-8065CB7ED155}
		{2349F4C7-EC9C-4932-97BF-719D8A0BBC72} = {FA339FF7-C5DF-448E-8020-8065CB7ED155}
		{83CDAA42-4602-4880-BC8E-4CBB1C97E20C} = {FA339FF7-C5DF-448E-8020-8065CB7ED155}
		{349FD74D-95B0-45D9-B3FF-87AD38A6CBF0} = {FA339FF7-C5DF-448E-8020-8065CB7ED155}
		{A74BA717-9460-47A1-BA06-84FBB375B397} = {FA339FF7-C5DF-448E-8020-8065CB7ED155}
	EndGlobalSection
	GlobalSection(ExtensibilityGlobals) = postSolution
		SolutionGuid = {135FE4B0-9973-4B33-AFCB-BA5DD045EF3C}
	EndGlobalSection
EndGlobal
